{
	"name": "@thoughtsunificator/rollup-plugin-window-env",
	"version": "1.0.9",
	"lockfileVersion": 2,
	"requires": true,
	"packages": {
		"": {
			"name": "@thoughtsunificator/rollup-plugin-window-env",
			"version": "1.0.9",
			"dependencies": {
				"@thoughtsunificator/config-env": "^1.0.3"
			}
		},
		"node_modules/@thoughtsunificator/config-env": {
			"version": "1.0.3",
			"resolved": "https://registry.npmjs.org/@thoughtsunificator/config-env/-/config-env-1.0.3.tgz",
			"integrity": "sha512-BnVZ50hstfCHTMLbpO/jJPvuLL3tHl71BVP4p9GAyhR27x8eVGeU2uUzo8Q2rOmBMCMi8bTvit4FSxasHzjeMg=="
		}
	},
	"dependencies": {
		"@thoughtsunificator/config-env": {
			"version": "1.0.3",
			"resolved": "https://registry.npmjs.org/@thoughtsunificator/config-env/-/config-env-1.0.3.tgz",
			"integrity": "sha512-BnVZ50hstfCHTMLbpO/jJPvuLL3tHl71BVP4p9GAyhR27x8eVGeU2uUzo8Q2rOmBMCMi8bTvit4FSxasHzjeMg=="
		}
	}
}
