{
  "name": "rollup-env",
  "version": "1.0.5",
  "lockfileVersion": 2,
  "requires": true,
  "packages": {
    "": {
      "name": "rollup-env",
      "version": "1.0.5",
      "license": "ISC",
      "devDependencies": {
        "@thoughtsunificator/config-env": "^1.0.3",
        "rollup": "^2.61.1"
      }
    },
    "node_modules/@thoughtsunificator/config-env": {
      "version": "1.0.3",
      "resolved": "https://registry.npmjs.org/@thoughtsunificator/config-env/-/config-env-1.0.3.tgz",
      "integrity": "sha512-BnVZ50hstfCHTMLbpO/jJPvuLL3tHl71BVP4p9GAyhR27x8eVGeU2uUzo8Q2rOmBMCMi8bTvit4FSxasHzjeMg==",
      "dev": true
    },
    "node_modules/fsevents": {
      "version": "2.3.2",
      "resolved": "https://registry.npmjs.org/fsevents/-/fsevents-2.3.2.tgz",
      "integrity": "sha512-xiqMQR4xAeHTuB9uWm+fFRcIOgKBMiOBP+eXiyT7jsgVCq1bkVygt00oASowB7EdtpOHaaPgKt812P9ab+DDKA==",
      "dev": true,
      "hasInstallScript": true,
      "optional": true,
      "os": [
        "darwin"
      ],
      "engines": {
        "node": "^8.16.0 || ^10.6.0 || >=11.0.0"
      }
    },
    "node_modules/rollup": {
      "version": "2.61.1",
      "resolved": "https://registry.npmjs.org/rollup/-/rollup-2.61.1.tgz",
      "integrity": "sha512-BbTXlEvB8d+XFbK/7E5doIcRtxWPRiqr0eb5vQ0+2paMM04Ye4PZY5nHOQef2ix24l/L0SpLd5hwcH15QHPdvA==",
      "dev": true,
      "bin": {
        "rollup": "dist/bin/rollup"
      },
      "engines": {
        "node": ">=10.0.0"
      },
      "optionalDependencies": {
        "fsevents": "~2.3.2"
      }
    }
  },
  "dependencies": {
    "@thoughtsunificator/config-env": {
      "version": "1.0.3",
      "resolved": "https://registry.npmjs.org/@thoughtsunificator/config-env/-/config-env-1.0.3.tgz",
      "integrity": "sha512-BnVZ50hstfCHTMLbpO/jJPvuLL3tHl71BVP4p9GAyhR27x8eVGeU2uUzo8Q2rOmBMCMi8bTvit4FSxasHzjeMg==",
      "dev": true
    },
    "fsevents": {
      "version": "2.3.2",
      "resolved": "https://registry.npmjs.org/fsevents/-/fsevents-2.3.2.tgz",
      "integrity": "sha512-xiqMQR4xAeHTuB9uWm+fFRcIOgKBMiOBP+eXiyT7jsgVCq1bkVygt00oASowB7EdtpOHaaPgKt812P9ab+DDKA==",
      "dev": true,
      "optional": true
    },
    "rollup": {
      "version": "2.61.1",
      "resolved": "https://registry.npmjs.org/rollup/-/rollup-2.61.1.tgz",
      "integrity": "sha512-BbTXlEvB8d+XFbK/7E5doIcRtxWPRiqr0eb5vQ0+2paMM04Ye4PZY5nHOQef2ix24l/L0SpLd5hwcH15QHPdvA==",
      "dev": true,
      "requires": {
        "fsevents": "~2.3.2"
      }
    }
  }
}
